{
  "name": "is-json-schema-subset",
  "version": "1.0.0",
  "lockfileVersion": 1,
  "requires": true,
  "dependencies": {
    "@types/typescript": {
      "version": "2.0.0",
      "resolved": "http://npm.dev.owl.co/@types%2ftypescript/-/typescript-2.0.0.tgz",
      "integrity": "sha1-xDNTnJi64oaCswfqp6D9IRW4PCg=",
      "dev": true,
      "requires": {
        "typescript": "*"
      }
    },
    "argparse": {
      "version": "1.0.10",
      "resolved": "http://npm.dev.owl.co/argparse/-/argparse-1.0.10.tgz",
      "integrity": "sha512-o5Roy6tNG4SL/FOkCAN6RzjiakZS25RLYFrcMttJqbdd8BWrnA+fGz57iN5Pb06pvBGvl5gQ0B48dJlslXvoTg==",
      "requires": {
        "sprintf-js": "~1.0.2"
      }
    },
    "call-me-maybe": {
      "version": "1.0.1",
      "resolved": "http://npm.dev.owl.co/call-me-maybe/-/call-me-maybe-1.0.1.tgz",
      "integrity": "sha1-JtII6onje1y95gJQoV8DHBak1ms="
    },
    "esprima": {
      "version": "4.0.1",
      "resolved": "http://npm.dev.owl.co/esprima/-/esprima-4.0.1.tgz",
      "integrity": "sha512-eGuFFw7Upda+g4p+QHvnW0RyTX/SVeJBDM/gCtMARO0cLuT2HcEKnTPvhjV6aGeqrCB/sbNop0Kszm0jsaWU4A=="
    },
    "fast-deep-equal": {
      "version": "2.0.1",
      "resolved": "http://npm.dev.owl.co/fast-deep-equal/-/fast-deep-equal-2.0.1.tgz",
      "integrity": "sha1-ewUhjd+WZ79/Nwv3/bLLFf3Qqkk="
    },
    "js-yaml": {
      "version": "3.13.1",
      "resolved": "http://npm.dev.owl.co/js-yaml/-/js-yaml-3.13.1.tgz",
      "integrity": "sha512-YfbcO7jXDdyj0DGxYVSlSeQNHbD7XPWvrVWeVUujrQEoZzWJIRrCPoyk6kL6IAjAG2IolMK4T0hNUe0HOUs5Jw==",
      "requires": {
        "argparse": "^1.0.7",
        "esprima": "^4.0.0"
      }
    },
    "json-schema-ref-parser": {
      "version": "7.1.0",
      "resolved": "http://npm.dev.owl.co/json-schema-ref-parser/-/json-schema-ref-parser-7.1.0.tgz",
      "integrity": "sha512-eP9+39HimQUpmqEUHRpV+oh8hiVMRU2tD6H+8uDc0raCQxX6jARN4nSJe5OpAtPt7eObuIUIsW7AwvGBzCHavQ==",
      "requires": {
        "call-me-maybe": "^1.0.1",
        "js-yaml": "^3.13.1",
        "ono": "^5.0.1"
      }
    },
    "ono": {
      "version": "5.0.1",
      "resolved": "http://npm.dev.owl.co/ono/-/ono-5.0.1.tgz",
      "integrity": "sha512-4/4BPGHX8OuDDNx1SrOqTOI7zajPjvBvrG1jDG3hDq4qBpoKlzG2d83Vdz26hvv0FFWYsLdHf+1Vu/k2d8Ww9w=="
    },
    "sprintf-js": {
      "version": "1.0.3",
      "resolved": "http://npm.dev.owl.co/sprintf-js/-/sprintf-js-1.0.3.tgz",
      "integrity": "sha1-BOaSb2YolTVPPdAVIDYzuFcpfiw="
    },
    "typescript": {
      "version": "3.5.3",
      "resolved": "http://npm.dev.owl.co/typescript/-/typescript-3.5.3.tgz",
      "integrity": "sha512-ACzBtm/PhXBDId6a6sDJfroT2pOWt/oOnk4/dElG5G33ZL776N3Y6/6bKZJBFpd+b05F3Ct9qDjMeJmRWtE2/g==",
      "dev": true
    }
  }
}
